// !$*UTF8*$!
{
	archiveVersion = 1;
	classes = {
	};
	objectVersion = 56;
	objects = {

/* Begin PBXBuildFile section */
		8B5280A329BC12A600C82270 /* Fetch_MealApp.swift in Sources */ = {isa = PBXBuildFile; fileRef = 8B5280A229BC12A600C82270 /* Fetch_MealApp.swift */; };
		8B5280A529BC12A600C82270 /* ContentView.swift in Sources */ = {isa = PBXBuildFile; fileRef = 8B5280A429BC12A600C82270 /* ContentView.swift */; };
		8B5280A729BC12A800C82270 /* Assets.xcassets in Resources */ = {isa = PBXBuildFile; fileRef = 8B5280A629BC12A800C82270 /* Assets.xcassets */; };
		8B5280AA29BC12A800C82270 /* Preview Assets.xcassets in Resources */ = {isa = PBXBuildFile; fileRef = 8B5280A929BC12A800C82270 /* Preview Assets.xcassets */; };
		8B5280B429BC12A800C82270 /* Fetch_MealTests.swift in Sources */ = {isa = PBXBuildFile; fileRef = 8B5280B329BC12A800C82270 /* Fetch_MealTests.swift */; };
		8B5280BE29BC12A800C82270 /* Fetch_MealUITests.swift in Sources */ = {isa = PBXBuildFile; fileRef = 8B5280BD29BC12A800C82270 /* Fetch_MealUITests.swift */; };
		8B5280C029BC12A800C82270 /* Fetch_MealUITestsLaunchTests.swift in Sources */ = {isa = PBXBuildFile; fileRef = 8B5280BF29BC12A800C82270 /* Fetch_MealUITestsLaunchTests.swift */; };
/* End PBXBuildFile section */

/* Begin PBXContainerItemProxy section */
		8B5280B029BC12A800C82270 /* PBXContainerItemProxy */ = {
			isa = PBXContainerItemProxy;
			containerPortal = 8B52809729BC12A600C82270 /* Project object */;
			proxyType = 1;
			remoteGlobalIDString = 8B52809E29BC12A600C82270;
			remoteInfo = "Fetch-Meal";
		};
		8B5280BA29BC12A800C82270 /* PBXContainerItemProxy */ = {
			isa = PBXContainerItemProxy;
			containerPortal = 8B52809729BC12A600C82270 /* Project object */;
			proxyType = 1;
			remoteGlobalIDString = 8B52809E29BC12A600C82270;
			remoteInfo = "Fetch-Meal";
		};
/* End PBXContainerItemProxy section */

/* Begin PBXFileReference section */
		8B52809F29BC12A600C82270 /* Fetch-Meal.app */ = {isa = PBXFileReference; explicitFileType = wrapper.application; includeInIndex = 0; path = "Fetch-Meal.app"; sourceTree = BUILT_PRODUCTS_DIR; };
		8B5280A229BC12A600C82270 /* Fetch_MealApp.swift */ = {isa = PBXFileReference; lastKnownFileType = sourcecode.swift; path = Fetch_MealApp.swift; sourceTree = "<group>"; };
		8B5280A429BC12A600C82270 /* ContentView.swift */ = {isa = PBXFileReference; lastKnownFileType = sourcecode.swift; path = ContentView.swift; sourceTree = "<group>"; };
		8B5280A629BC12A800C82270 /* Assets.xcassets */ = {isa = PBXFileReference; lastKnownFileType = folder.assetcatalog; path = Assets.xcassets; sourceTree = "<group>"; };
		8B5280A929BC12A800C82270 /* Preview Assets.xcassets */ = {isa = PBXFileReference; lastKnownFileType = folder.assetcatalog; path = "Preview Assets.xcassets"; sourceTree = "<group>"; };
		8B5280AF29BC12A800C82270 /* Fetch-MealTests.xctest */ = {isa = PBXFileReference; explicitFileType = wrapper.cfbundle; includeInIndex = 0; path = "Fetch-MealTests.xctest"; sourceTree = BUILT_PRODUCTS_DIR; };
		8B5280B329BC12A800C82270 /* Fetch_MealTests.swift */ = {isa = PBXFileReference; lastKnownFileType = sourcecode.swift; path = Fetch_MealTests.swift; sourceTree = "<group>"; };
		8B5280B929BC12A800C82270 /* Fetch-MealUITests.xctest */ = {isa = PBXFileReference; explicitFileType = wrapper.cfbundle; includeInIndex = 0; path = "Fetch-MealUITests.xctest"; sourceTree = BUILT_PRODUCTS_DIR; };
		8B5280BD29BC12A800C82270 /* Fetch_MealUITests.swift */ = {isa = PBXFileReference; lastKnownFileType = sourcecode.swift; path = Fetch_MealUITests.swift; sourceTree = "<group>"; };
		8B5280BF29BC12A800C82270 /* Fetch_MealUITestsLaunchTests.swift */ = {isa = PBXFileReference; lastKnownFileType = sourcecode.swift; path = Fetch_MealUITestsLaunchTests.swift; sourceTree = "<group>"; };
/* End PBXFileReference section */

/* Begin PBXFrameworksBuildPhase section */
		8B52809C29BC12A600C82270 /* Frameworks */ = {
			isa = PBXFrameworksBuildPhase;
			buildActionMask = 2147483647;
			files = (
			);
			runOnlyForDeploymentPostprocessing = 0;
		};
		8B5280AC29BC12A800C82270 /* Frameworks */ = {
			isa = PBXFrameworksBuildPhase;
			buildActionMask = 2147483647;
			files = (
			);
			runOnlyForDeploymentPostprocessing = 0;
		};
		8B5280B629BC12A800C82270 /* Frameworks */ = {
			isa = PBXFrameworksBuildPhase;
			buildActionMask = 2147483647;
			files = (
			);
			runOnlyForDeploymentPostprocessing = 0;
		};
/* End PBXFrameworksBuildPhase section */

/* Begin PBXGroup section */
		8B52809629BC12A600C82270 = {
			isa = PBXGroup;
			children = (
				8B5280A129BC12A600C82270 /* Fetch-Meal */,
				8B5280B229BC12A800C82270 /* Fetch-MealTests */,
				8B5280BC29BC12A800C82270 /* Fetch-MealUITests */,
				8B5280A029BC12A600C82270 /* Products */,
			);
			sourceTree = "<group>";
		};
		8B5280A029BC12A600C82270 /* Products */ = {
			isa = PBXGroup;
			children = (
				8B52809F29BC12A600C82270 /* Fetch-Meal.app */,
				8B5280AF29BC12A800C82270 /* Fetch-MealTests.xctest */,
				8B5280B929BC12A800C82270 /* Fetch-MealUITests.xctest */,
			);
			name = Products;
			sourceTree = "<group>";
		};
		8B5280A129BC12A600C82270 /* Fetch-Meal */ = {
			isa = PBXGroup;
			children = (
				8B5280A229BC12A600C82270 /* Fetch_MealApp.swift */,
				8B5280A429BC12A600C82270 /* ContentView.swift */,
				8B5280A629BC12A800C82270 /* Assets.xcassets */,
				8B5280A829BC12A800C82270 /* Preview Content */,
			);
			path = "Fetch-Meal";
			sourceTree = "<group>";
		};
		8B5280A829BC12A800C82270 /* Preview Content */ = {
			isa = PBXGroup;
			children = (
				8B5280A929BC12A800C82270 /* Preview Assets.xcassets */,
			);
			path = "Preview Content";
			sourceTree = "<group>";
		};
		8B5280B229BC12A800C82270 /* Fetch-MealTests */ = {
			isa = PBXGroup;
			children = (
				8B5280B329BC12A800C82270 /* Fetch_MealTests.swift */,
			);
			path = "Fetch-MealTests";
			sourceTree = "<group>";
		};
		8B5280BC29BC12A800C82270 /* Fetch-MealUITests */ = {
			isa = PBXGroup;
			children = (
				8B5280BD29BC12A800C82270 /* Fetch_MealUITests.swift */,
				8B5280BF29BC12A800C82270 /* Fetch_MealUITestsLaunchTests.swift */,
			);
			path = "Fetch-MealUITests";
			sourceTree = "<group>";
		};
/* End PBXGroup section */

/* Begin PBXNativeTarget section */
		8B52809E29BC12A600C82270 /* Fetch-Meal */ = {
			isa = PBXNativeTarget;
			buildConfigurationList = 8B5280C329BC12A800C82270 /* Build configuration list for PBXNativeTarget "Fetch-Meal" */;
			buildPhases = (
				8B52809B29BC12A600C82270 /* Sources */,
				8B52809C29BC12A600C82270 /* Frameworks */,
				8B52809D29BC12A600C82270 /* Resources */,
			);
			buildRules = (
			);
			dependencies = (
			);
			name = "Fetch-Meal";
			productName = "Fetch-Meal";
			productReference = 8B52809F29BC12A600C82270 /* Fetch-Meal.app */;
			productType = "com.apple.product-type.application";
		};
		8B5280AE29BC12A800C82270 /* Fetch-MealTests */ = {
			isa = PBXNativeTarget;
			buildConfigurationList = 8B5280C629BC12A800C82270 /* Build configuration list for PBXNativeTarget "Fetch-MealTests" */;
			buildPhases = (
				8B5280AB29BC12A800C82270 /* Sources */,
				8B5280AC29BC12A800C82270 /* Frameworks */,
				8B5280AD29BC12A800C82270 /* Resources */,
			);
			buildRules = (
			);
			dependencies = (
				8B5280B129BC12A800C82270 /* PBXTargetDependency */,
			);
			name = "Fetch-MealTests";
			productName = "Fetch-MealTests";
			productReference = 8B5280AF29BC12A800C82270 /* Fetch-MealTests.xctest */;
			productType = "com.apple.product-type.bundle.unit-test";
		};
		8B5280B829BC12A800C82270 /* Fetch-MealUITests */ = {
			isa = PBXNativeTarget;
			buildConfigurationList = 8B5280C929BC12A800C82270 /* Build configuration list for PBXNativeTarget "Fetch-MealUITests" */;
			buildPhases = (
				8B5280B529BC12A800C82270 /* Sources */,
				8B5280B629BC12A800C82270 /* Frameworks */,
				8B5280B729BC12A800C82270 /* Resources */,
			);
			buildRules = (
			);
			dependencies = (
				8B5280BB29BC12A800C82270 /* PBXTargetDependency */,
			);
			name = "Fetch-MealUITests";
			productName = "Fetch-MealUITests";
			productReference = 8B5280B929BC12A800C82270 /* Fetch-MealUITests.xctest */;
			productType = "com.apple.product-type.bundle.ui-testing";
		};
/* End PBXNativeTarget section */

/* Begin PBXProject section */
		8B52809729BC12A600C82270 /* Project object */ = {
			isa = PBXProject;
			attributes = {
				BuildIndependentTargetsInParallel = 1;
				LastSwiftUpdateCheck = 1420;
				LastUpgradeCheck = 1420;
				TargetAttributes = {
					8B52809E29BC12A600C82270 = {
						CreatedOnToolsVersion = 14.2;
					};
					8B5280AE29BC12A800C82270 = {
						CreatedOnToolsVersion = 14.2;
						TestTargetID = 8B52809E29BC12A600C82270;
					};
					8B5280B829BC12A800C82270 = {
						CreatedOnToolsVersion = 14.2;
						TestTargetID = 8B52809E29BC12A600C82270;
					};
				};
			};
			buildConfigurationList = 8B52809A29BC12A600C82270 /* Build configuration list for PBXProject "Fetch-Meal" */;
			compatibilityVersion = "Xcode 14.0";
			developmentRegion = en;
			hasScannedForEncodings = 0;
			knownRegions = (
				en,
				Base,
			);
			mainGroup = 8B52809629BC12A600C82270;
			productRefGroup = 8B5280A029BC12A600C82270 /* Products */;
			projectDirPath = "";
			projectRoot = "";
			targets = (
				8B52809E29BC12A600C82270 /* Fetch-Meal */,
				8B5280AE29BC12A800C82270 /* Fetch-MealTests */,
				8B5280B829BC12A800C82270 /* Fetch-MealUITests */,
			);
		};
/* End PBXProject section */

/* Begin PBXResourcesBuildPhase section */
		8B52809D29BC12A600C82270 /* Resources */ = {
			isa = PBXResourcesBuildPhase;
			buildActionMask = 2147483647;
			files = (
				8B5280AA29BC12A800C82270 /* Preview Assets.xcassets in Resources */,
				8B5280A729BC12A800C82270 /* Assets.xcassets in Resources */,
			);
			runOnlyForDeploymentPostprocessing = 0;
		};
		8B5280AD29BC12A800C82270 /* Resources */ = {
			isa = PBXResourcesBuildPhase;
			buildActionMask = 2147483647;
			files = (
			);
			runOnlyForDeploymentPostprocessing = 0;
		};
		8B5280B729BC12A800C82270 /* Resources */ = {
			isa = PBXResourcesBuildPhase;
			buildActionMask = 2147483647;
			files = (
			);
			runOnlyForDeploymentPostprocessing = 0;
		};
/* End PBXResourcesBuildPhase section */

/* Begin PBXSourcesBuildPhase section */
		8B52809B29BC12A600C82270 /* Sources */ = {
			isa = PBXSourcesBuildPhase;
			buildActionMask = 2147483647;
			files = (
				8B5280A529BC12A600C82270 /* ContentView.swift in Sources */,
				8B5280A329BC12A600C82270 /* Fetch_MealApp.swift in Sources */,
			);
			runOnlyForDeploymentPostprocessing = 0;
		};
		8B5280AB29BC12A800C82270 /* Sources */ = {
			isa = PBXSourcesBuildPhase;
			buildActionMask = 2147483647;
			files = (
				8B5280B429BC12A800C82270 /* Fetch_MealTests.swift in Sources */,
			);
			runOnlyForDeploymentPostprocessing = 0;
		};
		8B5280B529BC12A800C82270 /* Sources */ = {
			isa = PBXSourcesBuildPhase;
			buildActionMask = 2147483647;
			files = (
				8B5280C029BC12A800C82270 /* Fetch_MealUITestsLaunchTests.swift in Sources */,
				8B5280BE29BC12A800C82270 /* Fetch_MealUITests.swift in Sources */,
			);
			runOnlyForDeploymentPostprocessing = 0;
		};
/* End PBXSourcesBuildPhase section */

/* Begin PBXTargetDependency section */
		8B5280B129BC12A800C82270 /* PBXTargetDependency */ = {
			isa = PBXTargetDependency;
			target = 8B52809E29BC12A600C82270 /* Fetch-Meal */;
			targetProxy = 8B5280B029BC12A800C82270 /* PBXContainerItemProxy */;
		};
		8B5280BB29BC12A800C82270 /* PBXTargetDependency */ = {
			isa = PBXTargetDependency;
			target = 8B52809E29BC12A600C82270 /* Fetch-Meal */;
			targetProxy = 8B5280BA29BC12A800C82270 /* PBXContainerItemProxy */;
		};
/* End PBXTargetDependency section */

/* Begin XCBuildConfiguration section */
		8B5280C129BC12A800C82270 /* Debug */ = {
			isa = XCBuildConfiguration;
			buildSettings = {
				ALWAYS_SEARCH_USER_PATHS = NO;
				CLANG_ANALYZER_NONNULL = YES;
				CLANG_ANALYZER_NUMBER_OBJECT_CONVERSION = YES_AGGRESSIVE;
				CLANG_CXX_LANGUAGE_STANDARD = "gnu++20";
				CLANG_ENABLE_MODULES = YES;
				CLANG_ENABLE_OBJC_ARC = YES;
				CLANG_ENABLE_OBJC_WEAK = YES;
				CLANG_WARN_BLOCK_CAPTURE_AUTORELEASING = YES;
				CLANG_WARN_BOOL_CONVERSION = YES;
				CLANG_WARN_COMMA = YES;
				CLANG_WARN_CONSTANT_CONVERSION = YES;
				CLANG_WARN_DEPRECATED_OBJC_IMPLEMENTATIONS = YES;
				CLANG_WARN_DIRECT_OBJC_ISA_USAGE = YES_ERROR;
				CLANG_WARN_DOCUMENTATION_COMMENTS = YES;
				CLANG_WARN_EMPTY_BODY = YES;
				CLANG_WARN_ENUM_CONVERSION = YES;
				CLANG_WARN_INFINITE_RECURSION = YES;
				CLANG_WARN_INT_CONVERSION = YES;
				CLANG_WARN_NON_LITERAL_NULL_CONVERSION = YES;
				CLANG_WARN_OBJC_IMPLICIT_RETAIN_SELF = YES;
				CLANG_WARN_OBJC_LITERAL_CONVERSION = YES;
				CLANG_WARN_OBJC_ROOT_CLASS = YES_ERROR;
				CLANG_WARN_QUOTED_INCLUDE_IN_FRAMEWORK_HEADER = YES;
				CLANG_WARN_RANGE_LOOP_ANALYSIS = YES;
				CLANG_WARN_STRICT_PROTOTYPES = YES;
				CLANG_WARN_SUSPICIOUS_MOVE = YES;
				CLANG_WARN_UNGUARDED_AVAILABILITY = YES_AGGRESSIVE;
				CLANG_WARN_UNREACHABLE_CODE = YES;
				CLANG_WARN__DUPLICATE_METHOD_MATCH = YES;
				COPY_PHASE_STRIP = NO;
				DEBUG_INFORMATION_FORMAT = dwarf;
				ENABLE_STRICT_OBJC_MSGSEND = YES;
				ENABLE_TESTABILITY = YES;
				GCC_C_LANGUAGE_STANDARD = gnu11;
				GCC_DYNAMIC_NO_PIC = NO;
				GCC_NO_COMMON_BLOCKS = YES;
				GCC_OPTIMIZATION_LEVEL = 0;
				GCC_PREPROCESSOR_DEFINITIONS = (
					"DEBUG=1",
					"$(inherited)",
				);
				GCC_WARN_64_TO_32_BIT_CONVERSION = YES;
				GCC_WARN_ABOUT_RETURN_TYPE = YES_ERROR;
				GCC_WARN_UNDECLARED_SELECTOR = YES;
				GCC_WARN_UNINITIALIZED_AUTOS = YES_AGGRESSIVE;
				GCC_WARN_UNUSED_FUNCTION = YES;
				GCC_WARN_UNUSED_VARIABLE = YES;
				IPHONEOS_DEPLOYMENT_TARGET = 16.2;
				MTL_ENABLE_DEBUG_INFO = INCLUDE_SOURCE;
				MTL_FAST_MATH = YES;
				ONLY_ACTIVE_ARCH = YES;
				SDKROOT = iphoneos;
				SWIFT_ACTIVE_COMPILATION_CONDITIONS = DEBUG;
				SWIFT_OPTIMIZATION_LEVEL = "-Onone";
			};
			name = Debug;
		};
		8B5280C229BC12A800C82270 /* Release */ = {
			isa = XCBuildConfiguration;
			buildSettings = {
				ALWAYS_SEARCH_USER_PATHS = NO;
				CLANG_ANALYZER_NONNULL = YES;
				CLANG_ANALYZER_NUMBER_OBJECT_CONVERSION = YES_AGGRESSIVE;
				CLANG_CXX_LANGUAGE_STANDARD = "gnu++20";
				CLANG_ENABLE_MODULES = YES;
				CLANG_ENABLE_OBJC_ARC = YES;
				CLANG_ENABLE_OBJC_WEAK = YES;
				CLANG_WARN_BLOCK_CAPTURE_AUTORELEASING = YES;
				CLANG_WARN_BOOL_CONVERSION = YES;
				CLANG_WARN_COMMA = YES;
				CLANG_WARN_CONSTANT_CONVERSION = YES;
				CLANG_WARN_DEPRECATED_OBJC_IMPLEMENTATIONS = YES;
				CLANG_WARN_DIRECT_OBJC_ISA_USAGE = YES_ERROR;
				CLANG_WARN_DOCUMENTATION_COMMENTS = YES;
				CLANG_WARN_EMPTY_BODY = YES;
				CLANG_WARN_ENUM_CONVERSION = YES;
				CLANG_WARN_INFINITE_RECURSION = YES;
				CLANG_WARN_INT_CONVERSION = YES;
				CLANG_WARN_NON_LITERAL_NULL_CONVERSION = YES;
				CLANG_WARN_OBJC_IMPLICIT_RETAIN_SELF = YES;
				CLANG_WARN_OBJC_LITERAL_CONVERSION = YES;
				CLANG_WARN_OBJC_ROOT_CLASS = YES_ERROR;
				CLANG_WARN_QUOTED_INCLUDE_IN_FRAMEWORK_HEADER = YES;
				CLANG_WARN_RANGE_LOOP_ANALYSIS = YES;
				CLANG_WARN_STRICT_PROTOTYPES = YES;
				CLANG_WARN_SUSPICIOUS_MOVE = YES;
				CLANG_WARN_UNGUARDED_AVAILABILITY = YES_AGGRESSIVE;
				CLANG_WARN_UNREACHABLE_CODE = YES;
				CLANG_WARN__DUPLICATE_METHOD_MATCH = YES;
				COPY_PHASE_STRIP = NO;
				DEBUG_INFORMATION_FORMAT = "dwarf-with-dsym";
				ENABLE_NS_ASSERTIONS = NO;
				ENABLE_STRICT_OBJC_MSGSEND = YES;
				GCC_C_LANGUAGE_STANDARD = gnu11;
				GCC_NO_COMMON_BLOCKS = YES;
				GCC_WARN_64_TO_32_BIT_CONVERSION = YES;
				GCC_WARN_ABOUT_RETURN_TYPE = YES_ERROR;
				GCC_WARN_UNDECLARED_SELECTOR = YES;
				GCC_WARN_UNINITIALIZED_AUTOS = YES_AGGRESSIVE;
				GCC_WARN_UNUSED_FUNCTION = YES;
				GCC_WARN_UNUSED_VARIABLE = YES;
				IPHONEOS_DEPLOYMENT_TARGET = 16.2;
				MTL_ENABLE_DEBUG_INFO = NO;
				MTL_FAST_MATH = YES;
				SDKROOT = iphoneos;
				SWIFT_COMPILATION_MODE = wholemodule;
				SWIFT_OPTIMIZATION_LEVEL = "-O";
				VALIDATE_PRODUCT = YES;
			};
			name = Release;
		};
		8B5280C429BC12A800C82270 /* Debug */ = {
			isa = XCBuildConfiguration;
			buildSettings = {
				ASSETCATALOG_COMPILER_APPICON_NAME = AppIcon;
				ASSETCATALOG_COMPILER_GLOBAL_ACCENT_COLOR_NAME = AccentColor;
				CODE_SIGN_STYLE = Automatic;
				CURRENT_PROJECT_VERSION = 1;
				DEVELOPMENT_ASSET_PATHS = "\"Fetch-Meal/Preview Content\"";
				DEVELOPMENT_TEAM = 37NXQVDPN9;
				ENABLE_PREVIEWS = YES;
				GENERATE_INFOPLIST_FILE = YES;
				INFOPLIST_KEY_UIApplicationSceneManifest_Generation = YES;
				INFOPLIST_KEY_UIApplicationSupportsIndirectInputEvents = YES;
				INFOPLIST_KEY_UILaunchScreen_Generation = YES;
				INFOPLIST_KEY_UISupportedInterfaceOrientations_iPad = "UIInterfaceOrientationPortrait UIInterfaceOrientationPortraitUpsideDown UIInterfaceOrientationLandscapeLeft UIInterfaceOrientationLandscapeRight";
				INFOPLIST_KEY_UISupportedInterfaceOrientations_iPhone = "UIInterfaceOrientationPortrait UIInterfaceOrientationLandscapeLeft UIInterfaceOrientationLandscapeRight";
				LD_RUNPATH_SEARCH_PATHS = (
					"$(inherited)",
					"@executable_path/Frameworks",
				);
				MARKETING_VERSION = 1.0;
				PRODUCT_BUNDLE_IDENTIFIER = "pavan.Fetch-Meal";
				PRODUCT_NAME = "$(TARGET_NAME)";
				SWIFT_EMIT_LOC_STRINGS = YES;
				SWIFT_VERSION = 5.0;
				TARGETED_DEVICE_FAMILY = "1,2";
			};
			name = Debug;
		};
		8B5280C529BC12A800C82270 /* Release */ = {
			isa = XCBuildConfiguration;
			buildSettings = {
				ASSETCATALOG_COMPILER_APPICON_NAME = AppIcon;
				ASSETCATALOG_COMPILER_GLOBAL_ACCENT_COLOR_NAME = AccentColor;
				CODE_SIGN_STYLE = Automatic;
				CURRENT_PROJECT_VERSION = 1;
				DEVELOPMENT_ASSET_PATHS = "\"Fetch-Meal/Preview Content\"";
				DEVELOPMENT_TEAM = 37NXQVDPN9;
				ENABLE_PREVIEWS = YES;
				GENERATE_INFOPLIST_FILE = YES;
				INFOPLIST_KEY_UIApplicationSceneManifest_Generation = YES;
				INFOPLIST_KEY_UIApplicationSupportsIndirectInputEvents = YES;
				INFOPLIST_KEY_UILaunchScreen_Generation = YES;
				INFOPLIST_KEY_UISupportedInterfaceOrientations_iPad = "UIInterfaceOrientationPortrait UIInterfaceOrientationPortraitUpsideDown UIInterfaceOrientationLandscapeLeft UIInterfaceOrientationLandscapeRight";
				INFOPLIST_KEY_UISupportedInterfaceOrientations_iPhone = "UIInterfaceOrientationPortrait UIInterfaceOrientationLandscapeLeft UIInterfaceOrientationLandscapeRight";
				LD_RUNPATH_SEARCH_PATHS = (
					"$(inherited)",
					"@executable_path/Frameworks",
				);
				MARKETING_VERSION = 1.0;
				PRODUCT_BUNDLE_IDENTIFIER = "pavan.Fetch-Meal";
				PRODUCT_NAME = "$(TARGET_NAME)";
				SWIFT_EMIT_LOC_STRINGS = YES;
				SWIFT_VERSION = 5.0;
				TARGETED_DEVICE_FAMILY = "1,2";
			};
			name = Release;
		};
		8B5280C729BC12A800C82270 /* Debug */ = {
			isa = XCBuildConfiguration;
			buildSettings = {
				ALWAYS_EMBED_SWIFT_STANDARD_LIBRARIES = YES;
				BUNDLE_LOADER = "$(TEST_HOST)";
				CODE_SIGN_STYLE = Automatic;
				CURRENT_PROJECT_VERSION = 1;
				DEVELOPMENT_TEAM = 37NXQVDPN9;
				GENERATE_INFOPLIST_FILE = YES;
				IPHONEOS_DEPLOYMENT_TARGET = 16.2;
				MARKETING_VERSION = 1.0;
				PRODUCT_BUNDLE_IDENTIFIER = "pavan.Fetch-MealTests";
				PRODUCT_NAME = "$(TARGET_NAME)";
				SWIFT_EMIT_LOC_STRINGS = NO;
				SWIFT_VERSION = 5.0;
				TARGETED_DEVICE_FAMILY = "1,2";
				TEST_HOST = "$(BUILT_PRODUCTS_DIR)/Fetch-Meal.app/$(BUNDLE_EXECUTABLE_FOLDER_PATH)/Fetch-Meal";
			};
			name = Debug;
		};
		8B5280C829BC12A800C82270 /* Release */ = {
			isa = XCBuildConfiguration;
			buildSettings = {
				ALWAYS_EMBED_SWIFT_STANDARD_LIBRARIES = YES;
				BUNDLE_LOADER = "$(TEST_HOST)";
				CODE_SIGN_STYLE = Automatic;
				CURRENT_PROJECT_VERSION = 1;
				DEVELOPMENT_TEAM = 37NXQVDPN9;
				GENERATE_INFOPLIST_FILE = YES;
				IPHONEOS_DEPLOYMENT_TARGET = 16.2;
				MARKETING_VERSION = 1.0;
				PRODUCT_BUNDLE_IDENTIFIER = "pavan.Fetch-MealTests";
				PRODUCT_NAME = "$(TARGET_NAME)";
				SWIFT_EMIT_LOC_STRINGS = NO;
				SWIFT_VERSION = 5.0;
				TARGETED_DEVICE_FAMILY = "1,2";
				TEST_HOST = "$(BUILT_PRODUCTS_DIR)/Fetch-Meal.app/$(BUNDLE_EXECUTABLE_FOLDER_PATH)/Fetch-Meal";
			};
			name = Release;
		};
		8B5280CA29BC12A800C82270 /* Debug */ = {
			isa = XCBuildConfiguration;
			buildSettings = {
				ALWAYS_EMBED_SWIFT_STANDARD_LIBRARIES = YES;
				CODE_SIGN_STYLE = Automatic;
				CURRENT_PROJECT_VERSION = 1;
				DEVELOPMENT_TEAM = 37NXQVDPN9;
				GENERATE_INFOPLIST_FILE = YES;
				MARKETING_VERSION = 1.0;
				PRODUCT_BUNDLE_IDENTIFIER = "pavan.Fetch-MealUITests";
				PRODUCT_NAME = "$(TARGET_NAME)";
				SWIFT_EMIT_LOC_STRINGS = NO;
				SWIFT_VERSION = 5.0;
				TARGETED_DEVICE_FAMILY = "1,2";
				TEST_TARGET_NAME = "Fetch-Meal";
			};
			name = Debug;
		};
		8B5280CB29BC12A800C82270 /* Release */ = {
			isa = XCBuildConfiguration;
			buildSettings = {
				ALWAYS_EMBED_SWIFT_STANDARD_LIBRARIES = YES;
				CODE_SIGN_STYLE = Automatic;
				CURRENT_PROJECT_VERSION = 1;
				DEVELOPMENT_TEAM = 37NXQVDPN9;
				GENERATE_INFOPLIST_FILE = YES;
				MARKETING_VERSION = 1.0;
				PRODUCT_BUNDLE_IDENTIFIER = "pavan.Fetch-MealUITests";
				PRODUCT_NAME = "$(TARGET_NAME)";
				SWIFT_EMIT_LOC_STRINGS = NO;
				SWIFT_VERSION = 5.0;
				TARGETED_DEVICE_FAMILY = "1,2";
				TEST_TARGET_NAME = "Fetch-Meal";
			};
			name = Release;
		};
/* End XCBuildConfiguration section */

/* Begin XCConfigurationList section */
		8B52809A29BC12A600C82270 /* Build configuration list for PBXProject "Fetch-Meal" */ = {
			isa = XCConfigurationList;
			buildConfigurations = (
				8B5280C129BC12A800C82270 /* Debug */,
				8B5280C229BC12A800C82270 /* Release */,
			);
			defaultConfigurationIsVisible = 0;
			defaultConfigurationName = Release;
		};
		8B5280C329BC12A800C82270 /* Build configuration list for PBXNativeTarget "Fetch-Meal" */ = {
			isa = XCConfigurationList;
			buildConfigurations = (
				8B5280C429BC12A800C82270 /* Debug */,
				8B5280C529BC12A800C82270 /* Release */,
			);
			defaultConfigurationIsVisible = 0;
			defaultConfigurationName = Release;
		};
		8B5280C629BC12A800C82270 /* Build configuration list for PBXNativeTarget "Fetch-MealTests" */ = {
			isa = XCConfigurationList;
			buildConfigurations = (
				8B5280C729BC12A800C82270 /* Debug */,
				8B5280C829BC12A800C82270 /* Release */,
			);
			defaultConfigurationIsVisible = 0;
			defaultConfigurationName = Release;
		};
		8B5280C929BC12A800C82270 /* Build configuration list for PBXNativeTarget "Fetch-MealUITests" */ = {
			isa = XCConfigurationList;
			buildConfigurations = (
				8B5280CA29BC12A800C82270 /* Debug */,
				8B5280CB29BC12A800C82270 /* Release */,
			);
			defaultConfigurationIsVisible = 0;
			defaultConfigurationName = Release;
		};
/* End XCConfigurationList section */
	};
	rootObject = 8B52809729BC12A600C82270 /* Project object */;
}
